{
  "name": "3D",
  "lockfileVersion": 3,
  "requires": true,
  "packages": {
    "": {
      "dependencies": {
        "aframe-teleport-controls": "^0.3.1"
      }
    },
    "node_modules/aframe-teleport-controls": {
      "version": "0.3.1",
      "resolved": "https://registry.npmjs.org/aframe-teleport-controls/-/aframe-teleport-controls-0.3.1.tgz",
      "integrity": "sha512-XpNYy7oefwPqQGvTeWQTEf/A1RzgqdQHs1Hw3phEJs+agV1MqFOofawG2nKmdcxGWW8sX23ua1QsOldgEiD9Qw=="
    }
  }
}
